<?xml version="1.0" encoding="utf-8"?>
<Project ToolsVersion="4.0" xmlns="http://schemas.microsoft.com/developer/msbuild/2003">
  <ItemGroup>
    <ClCompile Include="Enemy.cpp" />
    <ClCompile Include="EnemyListMovement.cpp" />
    <ClCompile Include="GameObject.cpp" />
    <ClCompile Include="GamePlayState.cpp" />
    <ClCompile Include="GameStateManager.cpp" />
    <ClCompile Include="HashTable.cpp" />
    <ClCompile Include="ImageScreen.cpp" />
    <ClCompile Include="Key.cpp" />
    <ClCompile Include="Log.cpp" />
    <ClCompile Include="Map.cpp" />
    <ClCompile Include="MenuState.cpp" />
    <ClCompile Include="Model.cpp" />
    <ClCompile Include="pch.cpp" />
    <ClCompile Include="Platform.cpp" />
    <ClCompile Include="PlatformSDL.cpp" />
    <ClCompile Include="PlatformWIN32.cpp" />
    <ClCompile Include="ProjectShooter.cpp" />
    <ClCompile Include="Render\mesh.cpp" />
    <ClCompile Include="Render\obj_loader.cpp" />
    <ClCompile Include="Render\shader.cpp" />
    <ClCompile Include="Render\stb_image.c" />
    <ClCompile Include="Render\texture.cpp" />
    <ClCompile Include="ResourceManager.cpp" />
    <ClCompile Include="Sound.cpp" />
    <ClCompile Include="Sprite.cpp" />
    <ClCompile Include="Stack.cpp" />
    <ClCompile Include="State.cpp" />
    <ClCompile Include="Utilities\BitVector.cpp" />
    <ClCompile Include="Utilities\DoubleLinkedList.cpp" />
    <ClCompile Include="Utilities\HashTable.cpp" />
    <ClCompile Include="Utilities\LinkedList.cpp" />
  </ItemGroup>
  <ItemGroup>
<<<<<<< HEAD
    <ClInclude Include="Enemy.h" />
    <ClInclude Include="EnemyListMovement.h" />
    <ClInclude Include="GameObject.h" />
    <ClInclude Include="GamePlayState.h" />
    <ClInclude Include="GameStateManager.h" />
    <ClInclude Include="HashTable.h" />
    <ClInclude Include="ImageScreen.h" />
    <ClInclude Include="Key.h" />
    <ClInclude Include="Log.h" />
    <ClInclude Include="Map.h" />
    <ClInclude Include="MenuState.h" />
    <ClInclude Include="Model.h" />
    <ClInclude Include="pch.h" />
    <ClInclude Include="Platform.h" />
    <ClInclude Include="PlatformSDL.h" />
    <ClInclude Include="PlatformWIN32.h" />
    <ClInclude Include="Render\camera.h" />
    <ClInclude Include="Render\debugTimer.h" />
    <ClInclude Include="Render\math3d.h" />
    <ClInclude Include="Render\mesh.h" />
    <ClInclude Include="Render\obj_loader.h" />
    <ClInclude Include="Render\shader.h" />
    <ClInclude Include="Render\stb_image.h" />
    <ClInclude Include="Render\texture.h" />
    <ClInclude Include="Render\transform.h" />
    <ClInclude Include="Render\util.h" />
    <ClInclude Include="ResourceManager.h" />
    <ClInclude Include="Sound.h" />
    <ClInclude Include="Sprite.h" />
    <ClInclude Include="Stack.h" />
    <ClInclude Include="State.h" />
    <ClInclude Include="Utilities\BitVector.h" />
    <ClInclude Include="Utilities\DoubleLinkedList.h" />
    <ClInclude Include="Utilities\HashTable.h" />
    <ClInclude Include="Utilities\LinkedList.h" />
=======
    <ClInclude Include="pch.h">
      <Filter>Header Files</Filter>
    </ClInclude>
    <ClInclude Include="State.h">
      <Filter>Header Files</Filter>
    </ClInclude>
    <ClInclude Include="GamePlayState.h">
      <Filter>Header Files</Filter>
    </ClInclude>
    <ClInclude Include="MenuState.h">
      <Filter>Header Files</Filter>
    </ClInclude>
    <ClInclude Include="Log.h">
      <Filter>Header Files</Filter>
    </ClInclude>
    <ClInclude Include="GameStateManager.h">
      <Filter>Header Files</Filter>
    </ClInclude>
    <ClInclude Include="PlatformSDL.h">
      <Filter>Header Files</Filter>
    </ClInclude>
    <ClInclude Include="Platform.h">
      <Filter>Header Files</Filter>
    </ClInclude>
    <ClInclude Include="Key.h">
      <Filter>Header Files</Filter>
    </ClInclude>
    <ClInclude Include="ResourceManager.h">
      <Filter>Header Files</Filter>
    </ClInclude>
    <ClInclude Include="GameObject.h">
      <Filter>Header Files</Filter>
    </ClInclude>
    <ClInclude Include="Model.h">
      <Filter>Header Files</Filter>
    </ClInclude>
    <ClInclude Include="Sprite.h">
      <Filter>Header Files</Filter>
    </ClInclude>
    <ClInclude Include="Sound.h">
      <Filter>Header Files</Filter>
    </ClInclude>
    <ClInclude Include="PlatformWIN32.h">
      <Filter>Header Files</Filter>
    </ClInclude>
    <ClInclude Include="Map.h">
      <Filter>Header Files</Filter>
    </ClInclude>
    <ClInclude Include="Render\camera.h">
      <Filter>Render</Filter>
    </ClInclude>
    <ClInclude Include="Render\math3d.h">
      <Filter>Render</Filter>
    </ClInclude>
    <ClInclude Include="Render\mesh.h">
      <Filter>Render</Filter>
    </ClInclude>
    <ClInclude Include="Render\obj_loader.h">
      <Filter>Render</Filter>
    </ClInclude>
    <ClInclude Include="Render\shader.h">
      <Filter>Render</Filter>
    </ClInclude>
    <ClInclude Include="Render\stb_image.h">
      <Filter>Render</Filter>
    </ClInclude>
    <ClInclude Include="Render\texture.h">
      <Filter>Render</Filter>
    </ClInclude>
    <ClInclude Include="Render\transform.h">
      <Filter>Render</Filter>
    </ClInclude>
    <ClInclude Include="Render\util.h">
      <Filter>Render</Filter>
    </ClInclude>
    <ClInclude Include="Render\debugTimer.h">
      <Filter>Render</Filter>
    </ClInclude>
    <ClInclude Include="ImageScreen.h">
      <Filter>Header Files</Filter>
    </ClInclude>
    <ClInclude Include="Enemy.h">
      <Filter>Header Files</Filter>
    </ClInclude>
    <ClInclude Include="Utilities\BitVector.h">
      <Filter>Utilities</Filter>
    </ClInclude>
    <ClInclude Include="Utilities\LinkedList.h">
      <Filter>Utilities</Filter>
    </ClInclude>
    <ClInclude Include="Utilities\DoubleLinkedList.h">
      <Filter>Utilities</Filter>
    </ClInclude>
    <ClInclude Include="Stack.h">
      <Filter>Header Files</Filter>
    </ClInclude>
    <ClInclude Include="Utilities\HashTable.h">
      <Filter>Utilities</Filter>
    </ClInclude>
    <ClInclude Include="Queue.h">
      <Filter>Header Files</Filter>
    </ClInclude>
    <ClInclude Include="Utilities\Tree.h">
      <Filter>Utilities</Filter>
    </ClInclude>
  </ItemGroup>
  <ItemGroup>
    <ClCompile Include="pch.cpp">
      <Filter>Source Files</Filter>
    </ClCompile>
    <ClCompile Include="ProjectShooter.cpp">
      <Filter>Source Files</Filter>
    </ClCompile>
    <ClCompile Include="State.cpp">
      <Filter>Source Files</Filter>
    </ClCompile>
    <ClCompile Include="GamePlayState.cpp">
      <Filter>Source Files</Filter>
    </ClCompile>
    <ClCompile Include="MenuState.cpp">
      <Filter>Source Files</Filter>
    </ClCompile>
    <ClCompile Include="Log.cpp">
      <Filter>Source Files</Filter>
    </ClCompile>
    <ClCompile Include="GameStateManager.cpp">
      <Filter>Source Files</Filter>
    </ClCompile>
    <ClCompile Include="Platform.cpp">
      <Filter>Source Files</Filter>
    </ClCompile>
    <ClCompile Include="PlatformSDL.cpp">
      <Filter>Source Files</Filter>
    </ClCompile>
    <ClCompile Include="Key.cpp">
      <Filter>Source Files</Filter>
    </ClCompile>
    <ClCompile Include="ResourceManager.cpp">
      <Filter>Source Files</Filter>
    </ClCompile>
    <ClCompile Include="GameObject.cpp">
      <Filter>Source Files</Filter>
    </ClCompile>
    <ClCompile Include="Model.cpp">
      <Filter>Source Files</Filter>
    </ClCompile>
    <ClCompile Include="Sprite.cpp">
      <Filter>Source Files</Filter>
    </ClCompile>
    <ClCompile Include="Sound.cpp">
      <Filter>Source Files</Filter>
    </ClCompile>
    <ClCompile Include="PlatformWIN32.cpp">
      <Filter>Source Files</Filter>
    </ClCompile>
    <ClCompile Include="Map.cpp">
      <Filter>Source Files</Filter>
    </ClCompile>
    <ClCompile Include="Render\mesh.cpp">
      <Filter>Render</Filter>
    </ClCompile>
    <ClCompile Include="Render\obj_loader.cpp">
      <Filter>Render</Filter>
    </ClCompile>
    <ClCompile Include="Render\shader.cpp">
      <Filter>Render</Filter>
    </ClCompile>
    <ClCompile Include="Render\stb_image.c">
      <Filter>Render</Filter>
    </ClCompile>
    <ClCompile Include="Render\texture.cpp">
      <Filter>Render</Filter>
    </ClCompile>
    <ClCompile Include="ImageScreen.cpp">
      <Filter>Source Files</Filter>
    </ClCompile>
    <ClCompile Include="Enemy.cpp">
      <Filter>Source Files</Filter>
    </ClCompile>
    <ClCompile Include="Utilities\BitVector.cpp">
      <Filter>Utilities</Filter>
    </ClCompile>
    <ClCompile Include="Utilities\LinkedList.cpp">
      <Filter>Utilities</Filter>
    </ClCompile>
    <ClCompile Include="Utilities\DoubleLinkedList.cpp">
      <Filter>Utilities</Filter>
    </ClCompile>
    <ClCompile Include="Stack.cpp">
      <Filter>Source Files</Filter>
    </ClCompile>
    <ClCompile Include="Utilities\HashTable.cpp">
      <Filter>Utilities</Filter>
    </ClCompile>
    <ClCompile Include="Queue.cpp">
      <Filter>Source Files</Filter>
    </ClCompile>
    <ClCompile Include="Utilities\Tree.cpp">
      <Filter>Utilities</Filter>
    </ClCompile>
>>>>>>> origin/master
  </ItemGroup>
</Project>